
Microsoft Visual Studio Solution File, Format Version 12.00
# Visual Studio 2013
VisualStudioVersion = 12.0.21005.1
MinimumVisualStudioVersion = 10.0.40219.1
Project("{FAE04EC0-301F-11D3-BF4B-00C04F79EFBC}") = "shareDesktopServer", "shareDesktopServer\shareDesktopServer.csproj", "{03C9DE98-EFE5-4B87-A93B-E7AE919362E3}"
EndProject
Project("{FAE04EC0-301F-11D3-BF4B-00C04F79EFBC}") = "shareDesktopClient", "shareDesktopClient\shareDesktopClient.csproj", "{26398E78-D293-4BDA-B8F3-4B7063137ADE}"
EndProject
Project("{FAE04EC0-301F-11D3-BF4B-00C04F79EFBC}") = "ReferenceDll", "ReferenceDll\ReferenceDll.csproj", "{9AB6F3EE-F3FB-4B70-841F-504A263296CF}"
EndProject
Project("{FAE04EC0-301F-11D3-BF4B-00C04F79EFBC}") = "SocketProtocol", "SocketProtocol\SocketProtocol.csproj", "{FED9730C-C90A-4D2D-9D4C-6C9533461487}"
EndProject
Project("{FAE04EC0-301F-11D3-BF4B-00C04F79EFBC}") = "ControlEx", "ControlEx\ControlEx.csproj", "{D4B42471-735B-455D-A91C-14116A15699F}"
EndProject
Global
	GlobalSection(SolutionConfigurationPlatforms) = preSolution
		Debug|Any CPU = Debug|Any CPU
		Debug|x86 = Debug|x86
		Release|Any CPU = Release|Any CPU
		Release|x86 = Release|x86
	EndGlobalSection
	GlobalSection(ProjectConfigurationPlatforms) = postSolution
		{03C9DE98-EFE5-4B87-A93B-E7AE919362E3}.Debug|Any CPU.ActiveCfg = Debug|Any CPU
		{03C9DE98-EFE5-4B87-A93B-E7AE919362E3}.Debug|Any CPU.Build.0 = Debug|Any CPU
		{03C9DE98-EFE5-4B87-A93B-E7AE919362E3}.Debug|x86.ActiveCfg = Debug|Any CPU
		{03C9DE98-EFE5-4B87-A93B-E7AE919362E3}.Release|Any CPU.ActiveCfg = Release|Any CPU
		{03C9DE98-EFE5-4B87-A93B-E7AE919362E3}.Release|Any CPU.Build.0 = Release|Any CPU
		{03C9DE98-EFE5-4B87-A93B-E7AE919362E3}.Release|x86.ActiveCfg = Release|Any CPU
		{26398E78-D293-4BDA-B8F3-4B7063137ADE}.Debug|Any CPU.ActiveCfg = Debug|Any CPU
		{26398E78-D293-4BDA-B8F3-4B7063137ADE}.Debug|Any CPU.Build.0 = Debug|Any CPU
		{26398E78-D293-4BDA-B8F3-4B7063137ADE}.Debug|x86.ActiveCfg = Debug|Any CPU
		{26398E78-D293-4BDA-B8F3-4B7063137ADE}.Release|Any CPU.ActiveCfg = Release|Any CPU
		{26398E78-D293-4BDA-B8F3-4B7063137ADE}.Release|Any CPU.Build.0 = Release|Any CPU
		{26398E78-D293-4BDA-B8F3-4B7063137ADE}.Release|x86.ActiveCfg = Release|Any CPU
		{9AB6F3EE-F3FB-4B70-841F-504A263296CF}.Debug|Any CPU.ActiveCfg = Debug|Any CPU
		{9AB6F3EE-F3FB-4B70-841F-504A263296CF}.Debug|Any CPU.Build.0 = Debug|Any CPU
		{9AB6F3EE-F3FB-4B70-841F-504A263296CF}.Debug|x86.ActiveCfg = Debug|x86
		{9AB6F3EE-F3FB-4B70-841F-504A263296CF}.Debug|x86.Build.0 = Debug|x86
		{9AB6F3EE-F3FB-4B70-841F-504A263296CF}.Release|Any CPU.ActiveCfg = Release|Any CPU
		{9AB6F3EE-F3FB-4B70-841F-504A263296CF}.Release|Any CPU.Build.0 = Release|Any CPU
		{9AB6F3EE-F3FB-4B70-841F-504A263296CF}.Release|x86.ActiveCfg = Release|x86
		{9AB6F3EE-F3FB-4B70-841F-504A263296CF}.Release|x86.Build.0 = Release|x86
		{FED9730C-C90A-4D2D-9D4C-6C9533461487}.Debug|Any CPU.ActiveCfg = Debug|Any CPU
		{FED9730C-C90A-4D2D-9D4C-6C9533461487}.Debug|Any CPU.Build.0 = Debug|Any CPU
		{FED9730C-C90A-4D2D-9D4C-6C9533461487}.Debug|x86.ActiveCfg = Debug|Any CPU
		{FED9730C-C90A-4D2D-9D4C-6C9533461487}.Release|Any CPU.ActiveCfg = Release|Any CPU
		{FED9730C-C90A-4D2D-9D4C-6C9533461487}.Release|Any CPU.Build.0 = Release|Any CPU
		{FED9730C-C90A-4D2D-9D4C-6C9533461487}.Release|x86.ActiveCfg = Release|Any CPU
		{D4B42471-735B-455D-A91C-14116A15699F}.Debug|Any CPU.ActiveCfg = Debug|Any CPU
		{D4B42471-735B-455D-A91C-14116A15699F}.Debug|Any CPU.Build.0 = Debug|Any CPU
		{D4B42471-735B-455D-A91C-14116A15699F}.Debug|x86.ActiveCfg = Debug|Any CPU
		{D4B42471-735B-455D-A91C-14116A15699F}.Release|Any CPU.ActiveCfg = Release|Any CPU
		{D4B42471-735B-455D-A91C-14116A15699F}.Release|Any CPU.Build.0 = Release|Any CPU
		{D4B42471-735B-455D-A91C-14116A15699F}.Release|x86.ActiveCfg = Release|Any CPU
	EndGlobalSection
	GlobalSection(SolutionProperties) = preSolution
		HideSolutionNode = FALSE
	EndGlobalSection
EndGlobal
